// !$*UTF8*$!
{
	archiveVersion = 1;
	classes = {
	};
	objectVersion = 50;
	objects = {

/* Begin PBXBuildFile section */
		8C1D8F02209A8BE500698946 /* rawImage.png in Resources */ = {isa = PBXBuildFile; fileRef = 8C1D8F01209A8BE500698946 /* rawImage.png */; };
		8CC2FBE9209168DE00E27075 /* AppDelegate.swift in Sources */ = {isa = PBXBuildFile; fileRef = 8CC2FBE8209168DE00E27075 /* AppDelegate.swift */; };
		8CC2FBEB209168DE00E27075 /* art.scnassets in Resources */ = {isa = PBXBuildFile; fileRef = 8CC2FBEA209168DE00E27075 /* art.scnassets */; };
		8CC2FBED209168DE00E27075 /* ViewController.swift in Sources */ = {isa = PBXBuildFile; fileRef = 8CC2FBEC209168DE00E27075 /* ViewController.swift */; };
		8CC2FBF0209168DE00E27075 /* Main.storyboard in Resources */ = {isa = PBXBuildFile; fileRef = 8CC2FBEE209168DE00E27075 /* Main.storyboard */; };
		8CC2FBF2209168DE00E27075 /* Assets.xcassets in Resources */ = {isa = PBXBuildFile; fileRef = 8CC2FBF1209168DE00E27075 /* Assets.xcassets */; };
		8CC2FBF5209168DE00E27075 /* LaunchScreen.storyboard in Resources */ = {isa = PBXBuildFile; fileRef = 8CC2FBF3209168DE00E27075 /* LaunchScreen.storyboard */; };
		8CC2FBFF2093DF6400E27075 /* tick.mp3 in Resources */ = {isa = PBXBuildFile; fileRef = 8CC2FBFE2093DF6400E27075 /* tick.mp3 */; };
/* End PBXBuildFile section */

/* Begin PBXFileReference section */
		8C1D8F01209A8BE500698946 /* rawImage.png */ = {isa = PBXFileReference; lastKnownFileType = image.png; path = rawImage.png; sourceTree = SOURCE_ROOT; };
		8CC2FBE5209168DE00E27075 /* StackerAR.app */ = {isa = PBXFileReference; explicitFileType = wrapper.application; includeInIndex = 0; path = StackerAR.app; sourceTree = BUILT_PRODUCTS_DIR; };
		8CC2FBE8209168DE00E27075 /* AppDelegate.swift */ = {isa = PBXFileReference; lastKnownFileType = sourcecode.swift; path = AppDelegate.swift; sourceTree = "<group>"; };
		8CC2FBEA209168DE00E27075 /* art.scnassets */ = {isa = PBXFileReference; lastKnownFileType = wrapper.scnassets; path = art.scnassets; sourceTree = "<group>"; };
		8CC2FBEC209168DE00E27075 /* ViewController.swift */ = {isa = PBXFileReference; lastKnownFileType = sourcecode.swift; path = ViewController.swift; sourceTree = "<group>"; };
		8CC2FBEF209168DE00E27075 /* Base */ = {isa = PBXFileReference; lastKnownFileType = file.storyboard; name = Base; path = Base.lproj/Main.storyboard; sourceTree = "<group>"; };
		8CC2FBF1209168DE00E27075 /* Assets.xcassets */ = {isa = PBXFileReference; lastKnownFileType = folder.assetcatalog; path = Assets.xcassets; sourceTree = "<group>"; };
		8CC2FBF4209168DE00E27075 /* Base */ = {isa = PBXFileReference; lastKnownFileType = file.storyboard; name = Base; path = Base.lproj/LaunchScreen.storyboard; sourceTree = "<group>"; };
		8CC2FBF6209168DE00E27075 /* Info.plist */ = {isa = PBXFileReference; lastKnownFileType = text.plist.xml; path = Info.plist; sourceTree = "<group>"; };
		8CC2FBFE2093DF6400E27075 /* tick.mp3 */ = {isa = PBXFileReference; lastKnownFileType = audio.mp3; name = tick.mp3; path = ../../../../Downloads/tick.mp3; sourceTree = "<group>"; };
/* End PBXFileReference section */

/* Begin PBXFrameworksBuildPhase section */
		8CC2FBE2209168DE00E27075 /* Frameworks */ = {
			isa = PBXFrameworksBuildPhase;
			buildActionMask = 2147483647;
			files = (
			);
			runOnlyForDeploymentPostprocessing = 0;
		};
/* End PBXFrameworksBuildPhase section */

/* Begin PBXGroup section */
		8CC2FBDC209168DE00E27075 = {
			isa = PBXGroup;
			children = (
				8CC2FBE7209168DE00E27075 /* StackerAR */,
				8CC2FBE6209168DE00E27075 /* Products */,
			);
			sourceTree = "<group>";
		};
		8CC2FBE6209168DE00E27075 /* Products */ = {
			isa = PBXGroup;
			children = (
				8CC2FBE5209168DE00E27075 /* StackerAR.app */,
			);
			name = Products;
			sourceTree = "<group>";
		};
		8CC2FBE7209168DE00E27075 /* StackerAR */ = {
			isa = PBXGroup;
			children = (
				8CC2FBE8209168DE00E27075 /* AppDelegate.swift */,
				8CC2FBEA209168DE00E27075 /* art.scnassets */,
				8CC2FBEC209168DE00E27075 /* ViewController.swift */,
				8CC2FBEE209168DE00E27075 /* Main.storyboard */,
				8CC2FBF1209168DE00E27075 /* Assets.xcassets */,
				8CC2FBFE2093DF6400E27075 /* tick.mp3 */,
				8C1D8F01209A8BE500698946 /* rawImage.png */,
				8CC2FBF3209168DE00E27075 /* LaunchScreen.storyboard */,
				8CC2FBF6209168DE00E27075 /* Info.plist */,
			);
			path = StackerAR;
			sourceTree = "<group>";
		};
/* End PBXGroup section */

/* Begin PBXNativeTarget section */
		8CC2FBE4209168DE00E27075 /* StackerAR */ = {
			isa = PBXNativeTarget;
			buildConfigurationList = 8CC2FBF9209168DE00E27075 /* Build configuration list for PBXNativeTarget "StackerAR" */;
			buildPhases = (
				8CC2FBE1209168DE00E27075 /* Sources */,
				8CC2FBE2209168DE00E27075 /* Frameworks */,
				8CC2FBE3209168DE00E27075 /* Resources */,
			);
			buildRules = (
			);
			dependencies = (
			);
			name = StackerAR;
			productName = StackerAR;
			productReference = 8CC2FBE5209168DE00E27075 /* StackerAR.app */;
			productType = "com.apple.product-type.application";
		};
/* End PBXNativeTarget section */

/* Begin PBXProject section */
		8CC2FBDD209168DE00E27075 /* Project object */ = {
			isa = PBXProject;
			attributes = {
				LastSwiftUpdateCheck = 0930;
				LastUpgradeCheck = 0930;
				ORGANIZATIONNAME = "Andrew Amen";
				TargetAttributes = {
					8CC2FBE4209168DE00E27075 = {
						CreatedOnToolsVersion = 9.3;
					};
				};
			};
			buildConfigurationList = 8CC2FBE0209168DE00E27075 /* Build configuration list for PBXProject "StackerAR" */;
			compatibilityVersion = "Xcode 9.3";
			developmentRegion = en;
			hasScannedForEncodings = 0;
			knownRegions = (
				en,
				Base,
			);
			mainGroup = 8CC2FBDC209168DE00E27075;
			productRefGroup = 8CC2FBE6209168DE00E27075 /* Products */;
			projectDirPath = "";
			projectRoot = "";
			targets = (
				8CC2FBE4209168DE00E27075 /* StackerAR */,
			);
		};
/* End PBXProject section */

/* Begin PBXResourcesBuildPhase section */
		8CC2FBE3209168DE00E27075 /* Resources */ = {
			isa = PBXResourcesBuildPhase;
			buildActionMask = 2147483647;
			files = (
				8CC2FBEB209168DE00E27075 /* art.scnassets in Resources */,
				8CC2FBFF2093DF6400E27075 /* tick.mp3 in Resources */,
				8CC2FBF5209168DE00E27075 /* LaunchScreen.storyboard in Resources */,
				8CC2FBF2209168DE00E27075 /* Assets.xcassets in Resources */,
				8C1D8F02209A8BE500698946 /* rawImage.png in Resources */,
				8CC2FBF0209168DE00E27075 /* Main.storyboard in Resources */,
			);
			runOnlyForDeploymentPostprocessing = 0;
		};
/* End PBXResourcesBuildPhase section */

/* Begin PBXSourcesBuildPhase section */
		8CC2FBE1209168DE00E27075 /* Sources */ = {
			isa = PBXSourcesBuildPhase;
			buildActionMask = 2147483647;
			files = (
				8CC2FBED209168DE00E27075 /* ViewController.swift in Sources */,
				8CC2FBE9209168DE00E27075 /* AppDelegate.swift in Sources */,
			);
			runOnlyForDeploymentPostprocessing = 0;
		};
/* End PBXSourcesBuildPhase section */

/* Begin PBXVariantGroup section */
		8CC2FBEE209168DE00E27075 /* Main.storyboard */ = {
			isa = PBXVariantGroup;
			children = (
				8CC2FBEF209168DE00E27075 /* Base */,
			);
			name = Main.storyboard;
			sourceTree = "<group>";
		};
		8CC2FBF3209168DE00E27075 /* LaunchScreen.storyboard */ = {
			isa = PBXVariantGroup;
			children = (
				8CC2FBF4209168DE00E27075 /* Base */,
			);
			name = LaunchScreen.storyboard;
			sourceTree = "<group>";
		};
/* End PBXVariantGroup section */

/* Begin XCBuildConfiguration section */
		8CC2FBF7209168DE00E27075 /* Debug */ = {
			isa = XCBuildConfiguration;
			buildSettings = {
				ALWAYS_SEARCH_USER_PATHS = NO;
				CLANG_ANALYZER_NONNULL = YES;
				CLANG_ANALYZER_NUMBER_OBJECT_CONVERSION = YES_AGGRESSIVE;
				CLANG_CXX_LANGUAGE_STANDARD = "gnu++14";
				CLANG_CXX_LIBRARY = "libc++";
				CLANG_ENABLE_MODULES = YES;
				CLANG_ENABLE_OBJC_ARC = YES;
				CLANG_ENABLE_OBJC_WEAK = YES;
				CLANG_WARN_BLOCK_CAPTURE_AUTORELEASING = YES;
				CLANG_WARN_BOOL_CONVERSION = YES;
				CLANG_WARN_COMMA = YES;
				CLANG_WARN_CONSTANT_CONVERSION = YES;
				CLANG_WARN_DEPRECATED_OBJC_IMPLEMENTATIONS = YES;
				CLANG_WARN_DIRECT_OBJC_ISA_USAGE = YES_ERROR;
				CLANG_WARN_DOCUMENTATION_COMMENTS = YES;
				CLANG_WARN_EMPTY_BODY = YES;
				CLANG_WARN_ENUM_CONVERSION = YES;
				CLANG_WARN_INFINITE_RECURSION = YES;
				CLANG_WARN_INT_CONVERSION = YES;
				CLANG_WARN_NON_LITERAL_NULL_CONVERSION = YES;
				CLANG_WARN_OBJC_IMPLICIT_RETAIN_SELF = YES;
				CLANG_WARN_OBJC_LITERAL_CONVERSION = YES;
				CLANG_WARN_OBJC_ROOT_CLASS = YES_ERROR;
				CLANG_WARN_RANGE_LOOP_ANALYSIS = YES;
				CLANG_WARN_STRICT_PROTOTYPES = YES;
				CLANG_WARN_SUSPICIOUS_MOVE = YES;
				CLANG_WARN_UNGUARDED_AVAILABILITY = YES_AGGRESSIVE;
				CLANG_WARN_UNREACHABLE_CODE = YES;
				CLANG_WARN__DUPLICATE_METHOD_MATCH = YES;
				CODE_SIGN_IDENTITY = "iPhone Developer";
				COPY_PHASE_STRIP = NO;
				DEBUG_INFORMATION_FORMAT = dwarf;
				ENABLE_STRICT_OBJC_MSGSEND = YES;
				ENABLE_TESTABILITY = YES;
				GCC_C_LANGUAGE_STANDARD = gnu11;
				GCC_DYNAMIC_NO_PIC = NO;
				GCC_NO_COMMON_BLOCKS = YES;
				GCC_OPTIMIZATION_LEVEL = 0;
				GCC_PREPROCESSOR_DEFINITIONS = (
					"DEBUG=1",
					"$(inherited)",
				);
				GCC_WARN_64_TO_32_BIT_CONVERSION = YES;
				GCC_WARN_ABOUT_RETURN_TYPE = YES_ERROR;
				GCC_WARN_UNDECLARED_SELECTOR = YES;
				GCC_WARN_UNINITIALIZED_AUTOS = YES_AGGRESSIVE;
				GCC_WARN_UNUSED_FUNCTION = YES;
				GCC_WARN_UNUSED_VARIABLE = YES;
				IPHONEOS_DEPLOYMENT_TARGET = 11.3;
				MTL_ENABLE_DEBUG_INFO = YES;
				ONLY_ACTIVE_ARCH = YES;
				SDKROOT = iphoneos;
				SWIFT_ACTIVE_COMPILATION_CONDITIONS = DEBUG;
				SWIFT_OPTIMIZATION_LEVEL = "-Onone";
			};
			name = Debug;
		};
		8CC2FBF8209168DE00E27075 /* Release */ = {
			isa = XCBuildConfiguration;
			buildSettings = {
				ALWAYS_SEARCH_USER_PATHS = NO;
				CLANG_ANALYZER_NONNULL = YES;
				CLANG_ANALYZER_NUMBER_OBJECT_CONVERSION = YES_AGGRESSIVE;
				CLANG_CXX_LANGUAGE_STANDARD = "gnu++14";
				CLANG_CXX_LIBRARY = "libc++";
				CLANG_ENABLE_MODULES = YES;
				CLANG_ENABLE_OBJC_ARC = YES;
				CLANG_ENABLE_OBJC_WEAK = YES;
				CLANG_WARN_BLOCK_CAPTURE_AUTORELEASING = YES;
				CLANG_WARN_BOOL_CONVERSION = YES;
				CLANG_WARN_COMMA = YES;
				CLANG_WARN_CONSTANT_CONVERSION = YES;
				CLANG_WARN_DEPRECATED_OBJC_IMPLEMENTATIONS = YES;
				CLANG_WARN_DIRECT_OBJC_ISA_USAGE = YES_ERROR;
				CLANG_WARN_DOCUMENTATION_COMMENTS = YES;
				CLANG_WARN_EMPTY_BODY = YES;
				CLANG_WARN_ENUM_CONVERSION = YES;
				CLANG_WARN_INFINITE_RECURSION = YES;
				CLANG_WARN_INT_CONVERSION = YES;
				CLANG_WARN_NON_LITERAL_NULL_CONVERSION = YES;
				CLANG_WARN_OBJC_IMPLICIT_RETAIN_SELF = YES;
				CLANG_WARN_OBJC_LITERAL_CONVERSION = YES;
				CLANG_WARN_OBJC_ROOT_CLASS = YES_ERROR;
				CLANG_WARN_RANGE_LOOP_ANALYSIS = YES;
				CLANG_WARN_STRICT_PROTOTYPES = YES;
				CLANG_WARN_SUSPICIOUS_MOVE = YES;
				CLANG_WARN_UNGUARDED_AVAILABILITY = YES_AGGRESSIVE;
				CLANG_WARN_UNREACHABLE_CODE = YES;
				CLANG_WARN__DUPLICATE_METHOD_MATCH = YES;
				CODE_SIGN_IDENTITY = "iPhone Developer";
				COPY_PHASE_STRIP = NO;
				DEBUG_INFORMATION_FORMAT = "dwarf-with-dsym";
				ENABLE_NS_ASSERTIONS = NO;
				ENABLE_STRICT_OBJC_MSGSEND = YES;
				GCC_C_LANGUAGE_STANDARD = gnu11;
				GCC_NO_COMMON_BLOCKS = YES;
				GCC_WARN_64_TO_32_BIT_CONVERSION = YES;
				GCC_WARN_ABOUT_RETURN_TYPE = YES_ERROR;
				GCC_WARN_UNDECLARED_SELECTOR = YES;
				GCC_WARN_UNINITIALIZED_AUTOS = YES_AGGRESSIVE;
				GCC_WARN_UNUSED_FUNCTION = YES;
				GCC_WARN_UNUSED_VARIABLE = YES;
				IPHONEOS_DEPLOYMENT_TARGET = 11.3;
				MTL_ENABLE_DEBUG_INFO = NO;
				SDKROOT = iphoneos;
				SWIFT_COMPILATION_MODE = wholemodule;
				SWIFT_OPTIMIZATION_LEVEL = "-O";
				VALIDATE_PRODUCT = YES;
			};
			name = Release;
		};
		8CC2FBFA209168DE00E27075 /* Debug */ = {
			isa = XCBuildConfiguration;
			buildSettings = {
				ASSETCATALOG_COMPILER_APPICON_NAME = AppIcon;
				CODE_SIGN_STYLE = Automatic;
				DEVELOPMENT_TEAM = CNTTMRL5U3;
				INFOPLIST_FILE = StackerAR/Info.plist;
				LD_RUNPATH_SEARCH_PATHS = (
					"$(inherited)",
					"@executable_path/Frameworks",
				);
				PRODUCT_BUNDLE_IDENTIFIER = amen.StackerAR;
				PRODUCT_NAME = "$(TARGET_NAME)";
				SWIFT_VERSION = 4.0;
				TARGETED_DEVICE_FAMILY = "1,2";
			};
			name = Debug;
		};
		8CC2FBFB209168DE00E27075 /* Release */ = {
			isa = XCBuildConfiguration;
			buildSettings = {
				ASSETCATALOG_COMPILER_APPICON_NAME = AppIcon;
				CODE_SIGN_STYLE = Automatic;
				DEVELOPMENT_TEAM = CNTTMRL5U3;
				INFOPLIST_FILE = StackerAR/Info.plist;
				LD_RUNPATH_SEARCH_PATHS = (
					"$(inherited)",
					"@executable_path/Frameworks",
				);
				PRODUCT_BUNDLE_IDENTIFIER = amen.StackerAR;
				PRODUCT_NAME = "$(TARGET_NAME)";
				SWIFT_VERSION = 4.0;
				TARGETED_DEVICE_FAMILY = "1,2";
			};
			name = Release;
		};
/* End XCBuildConfiguration section */

/* Begin XCConfigurationList section */
		8CC2FBE0209168DE00E27075 /* Build configuration list for PBXProject "StackerAR" */ = {
			isa = XCConfigurationList;
			buildConfigurations = (
				8CC2FBF7209168DE00E27075 /* Debug */,
				8CC2FBF8209168DE00E27075 /* Release */,
			);
			defaultConfigurationIsVisible = 0;
			defaultConfigurationName = Release;
		};
		8CC2FBF9209168DE00E27075 /* Build configuration list for PBXNativeTarget "StackerAR" */ = {
			isa = XCConfigurationList;
			buildConfigurations = (
				8CC2FBFA209168DE00E27075 /* Debug */,
				8CC2FBFB209168DE00E27075 /* Release */,
			);
			defaultConfigurationIsVisible = 0;
			defaultConfigurationName = Release;
		};
/* End XCConfigurationList section */
	};
	rootObject = 8CC2FBDD209168DE00E27075 /* Project object */;
}
